
Microsoft Visual Studio Solution File, Format Version 12.00
# Visual Studio Version 16
VisualStudioVersion = 16.0.31729.503
MinimumVisualStudioVersion = 10.0.40219.1
Project("{FAE04EC0-301F-11D3-BF4B-00C04F79EFBC}") = "EmguCVProject", "EmguCVProject\EmguCVProject.csproj", "{DD70E6BA-AB84-4C33-8A67-5EB863D8B07D}"
EndProject
Global
	GlobalSection(SolutionConfigurationPlatforms) = preSolution
		Debug|Any CPU = Debug|Any CPU
		Debug|x64 = Debug|x64
		Release|Any CPU = Release|Any CPU
		Release|x64 = Release|x64
	EndGlobalSection
	GlobalSection(ProjectConfigurationPlatforms) = postSolution
		{DD70E6BA-AB84-4C33-8A67-5EB863D8B07D}.Debug|Any CPU.ActiveCfg = Debug|Any CPU
		{DD70E6BA-AB84-4C33-8A67-5EB863D8B07D}.Debug|Any CPU.Build.0 = Debug|Any CPU
		{DD70E6BA-AB84-4C33-8A67-5EB863D8B07D}.Debug|x64.ActiveCfg = Debug|x64
		{DD70E6BA-AB84-4C33-8A67-5EB863D8B07D}.Debug|x64.Build.0 = Debug|x64
		{DD70E6BA-AB84-4C33-8A67-5EB863D8B07D}.Release|Any CPU.ActiveCfg = Release|Any CPU
		{DD70E6BA-AB84-4C33-8A67-5EB863D8B07D}.Release|Any CPU.Build.0 = Release|Any CPU
		{DD70E6BA-AB84-4C33-8A67-5EB863D8B07D}.Release|x64.ActiveCfg = Release|x64
		{DD70E6BA-AB84-4C33-8A67-5EB863D8B07D}.Release|x64.Build.0 = Release|x64
	EndGlobalSection
	GlobalSection(SolutionProperties) = preSolution
		HideSolutionNode = FALSE
	EndGlobalSection
	GlobalSection(ExtensibilityGlobals) = postSolution
		SolutionGuid = {E8108F28-4A8D-4919-9E05-7842241C3AD1}
	EndGlobalSection
EndGlobal
